
Microsoft Visual Studio Solution File, Format Version 12.00
# Visual Studio Version 17
VisualStudioVersion = 17.0.32014.148
MinimumVisualStudioVersion = 10.0.40219.1
Project("{9A19103F-16F7-4668-BE54-9A1E7A4F7556}") = "Multiversions.Revit.Sample", "Multiversions.Revit.Sample\Multiversions.Revit.Sample.csproj", "{5A1DE473-D4E9-4024-AC8F-7210B23C0B6F}"
EndProject
Global
	GlobalSection(SolutionConfigurationPlatforms) = preSolution
		Debug|x64 = Debug|x64
		Release|x64 = Release|x64
	EndGlobalSection
	GlobalSection(ProjectConfigurationPlatforms) = postSolution
		{5A1DE473-D4E9-4024-AC8F-7210B23C0B6F}.Debug|x64.ActiveCfg = Debug|x64
		{5A1DE473-D4E9-4024-AC8F-7210B23C0B6F}.Debug|x64.Build.0 = Debug|x64
		{5A1DE473-D4E9-4024-AC8F-7210B23C0B6F}.Release|x64.ActiveCfg = Release|x64
		{5A1DE473-D4E9-4024-AC8F-7210B23C0B6F}.Release|x64.Build.0 = Release|x64
	EndGlobalSection
	GlobalSection(SolutionProperties) = preSolution
		HideSolutionNode = FALSE
	EndGlobalSection
	GlobalSection(ExtensibilityGlobals) = postSolution
		SolutionGuid = {43F5DA27-15FC-4D11-9DF1-47F52BB40BD6}
	EndGlobalSection
EndGlobal
